
Microsoft Visual Studio Solution File, Format Version 12.00
# Visual Studio Version 16
VisualStudioVersion = 16.0.30711.63
MinimumVisualStudioVersion = 10.0.40219.1
Project("{FAE04EC0-301F-11D3-BF4B-00C04F79EFBC}") = "Numerical Project_Linear Regression", "Numerical Project_Linear Regression\Numerical Project_Linear Regression.csproj", "{B32DFF1F-88FE-486E-8696-3A72E1B08AFF}"
EndProject
Global
	GlobalSection(SolutionConfigurationPlatforms) = preSolution
		Debug|Any CPU = Debug|Any CPU
		Release|Any CPU = Release|Any CPU
	EndGlobalSection
	GlobalSection(ProjectConfigurationPlatforms) = postSolution
		{B32DFF1F-88FE-486E-8696-3A72E1B08AFF}.Debug|Any CPU.ActiveCfg = Debug|Any CPU
		{B32DFF1F-88FE-486E-8696-3A72E1B08AFF}.Debug|Any CPU.Build.0 = Debug|Any CPU
		{B32DFF1F-88FE-486E-8696-3A72E1B08AFF}.Release|Any CPU.ActiveCfg = Release|Any CPU
		{B32DFF1F-88FE-486E-8696-3A72E1B08AFF}.Release|Any CPU.Build.0 = Release|Any CPU
	EndGlobalSection
	GlobalSection(SolutionProperties) = preSolution
		HideSolutionNode = FALSE
	EndGlobalSection
	GlobalSection(ExtensibilityGlobals) = postSolution
		SolutionGuid = {8CE23154-F871-4EF9-92E2-D002B4821D54}
	EndGlobalSection
EndGlobal
