
Microsoft Visual Studio Solution File, Format Version 11.00
# Visual Studio 2010
Project("{FAE04EC0-301F-11D3-BF4B-00C04F79EFBC}") = "Numerical Project_Derivative", "Numerical Project_Derivative\Numerical Project_Derivative.csproj", "{7035952F-806A-495D-85DD-F39C33A770F4}"
EndProject
Global
	GlobalSection(SolutionConfigurationPlatforms) = preSolution
		Debug|x86 = Debug|x86
		Release|x86 = Release|x86
	EndGlobalSection
	GlobalSection(ProjectConfigurationPlatforms) = postSolution
		{7035952F-806A-495D-85DD-F39C33A770F4}.Debug|x86.ActiveCfg = Debug|x86
		{7035952F-806A-495D-85DD-F39C33A770F4}.Debug|x86.Build.0 = Debug|x86
		{7035952F-806A-495D-85DD-F39C33A770F4}.Release|x86.ActiveCfg = Release|x86
		{7035952F-806A-495D-85DD-F39C33A770F4}.Release|x86.Build.0 = Release|x86
	EndGlobalSection
	GlobalSection(SolutionProperties) = preSolution
		HideSolutionNode = FALSE
	EndGlobalSection
EndGlobal
