
Microsoft Visual Studio Solution File, Format Version 12.00
# Visual Studio Version 16
VisualStudioVersion = 16.0.30711.63
MinimumVisualStudioVersion = 10.0.40219.1
Project("{FAE04EC0-301F-11D3-BF4B-00C04F79EFBC}") = "Numerical Project_Integration", "Numerical Project_Integration\Numerical Project_Integration.csproj", "{796C2E81-3F90-4110-BDD0-2A55CCBA9941}"
EndProject
Global
	GlobalSection(SolutionConfigurationPlatforms) = preSolution
		Debug|Any CPU = Debug|Any CPU
		Release|Any CPU = Release|Any CPU
	EndGlobalSection
	GlobalSection(ProjectConfigurationPlatforms) = postSolution
		{796C2E81-3F90-4110-BDD0-2A55CCBA9941}.Debug|Any CPU.ActiveCfg = Debug|Any CPU
		{796C2E81-3F90-4110-BDD0-2A55CCBA9941}.Debug|Any CPU.Build.0 = Debug|Any CPU
		{796C2E81-3F90-4110-BDD0-2A55CCBA9941}.Release|Any CPU.ActiveCfg = Release|Any CPU
		{796C2E81-3F90-4110-BDD0-2A55CCBA9941}.Release|Any CPU.Build.0 = Release|Any CPU
	EndGlobalSection
	GlobalSection(SolutionProperties) = preSolution
		HideSolutionNode = FALSE
	EndGlobalSection
	GlobalSection(ExtensibilityGlobals) = postSolution
		SolutionGuid = {3592FF77-54A4-46BE-B713-63342F9D4106}
	EndGlobalSection
EndGlobal
